
Microsoft Visual Studio Solution File, Format Version 12.00
Project("{FAE04EC0-301F-11D3-BF4B-00C04F79EFBC}") = "UParkFoodtruckAPI", "UParkFoodtruckAPI\UParkFoodtruckAPI.csproj", "{1F4EA903-F66F-4077-9499-7DA59FB3C09B}"
EndProject
Global
	GlobalSection(SolutionConfigurationPlatforms) = preSolution
		Debug|Any CPU = Debug|Any CPU
		Release|Any CPU = Release|Any CPU
	EndGlobalSection
	GlobalSection(ProjectConfigurationPlatforms) = postSolution
		{1F4EA903-F66F-4077-9499-7DA59FB3C09B}.Debug|Any CPU.ActiveCfg = Debug|Any CPU
		{1F4EA903-F66F-4077-9499-7DA59FB3C09B}.Debug|Any CPU.Build.0 = Debug|Any CPU
		{1F4EA903-F66F-4077-9499-7DA59FB3C09B}.Release|Any CPU.ActiveCfg = Release|Any CPU
		{1F4EA903-F66F-4077-9499-7DA59FB3C09B}.Release|Any CPU.Build.0 = Release|Any CPU
	EndGlobalSection
EndGlobal
